
Microsoft Visual Studio Solution File, Format Version 10.00
# Visual Studio 2008
Project("{FAE04EC0-301F-11D3-BF4B-00C04F79EFBC}") = "DXGITest", "DXGITest.csproj", "{BDF1C2C4-5050-48B5-BF1A-7D4ABBDFAEE4}"
EndProject
Project("{8BC9CEB8-8B4A-11D0-8D11-00A0C91BC942}") = "DirectX", "..\..\..\WindowsAPICodePack\DirectX\DirectX\DirectX.vcproj", "{446B1E21-65A1-4F56-AA2C-D2E24058B2B8}"
EndProject
Global
	GlobalSection(SolutionConfigurationPlatforms) = preSolution
		Debug|Any CPU = Debug|Any CPU
		Debug|Mixed Platforms = Debug|Mixed Platforms
		Debug|Win32 = Debug|Win32
		Debug|x86 = Debug|x86
		Release|Any CPU = Release|Any CPU
		Release|Mixed Platforms = Release|Mixed Platforms
		Release|Win32 = Release|Win32
		Release|x86 = Release|x86
	EndGlobalSection
	GlobalSection(ProjectConfigurationPlatforms) = postSolution
		{BDF1C2C4-5050-48B5-BF1A-7D4ABBDFAEE4}.Debug|Any CPU.ActiveCfg = Debug|Any CPU
		{BDF1C2C4-5050-48B5-BF1A-7D4ABBDFAEE4}.Debug|Any CPU.Build.0 = Debug|Any CPU
		{BDF1C2C4-5050-48B5-BF1A-7D4ABBDFAEE4}.Debug|Mixed Platforms.ActiveCfg = Debug|Any CPU
		{BDF1C2C4-5050-48B5-BF1A-7D4ABBDFAEE4}.Debug|Mixed Platforms.Build.0 = Debug|Any CPU
		{BDF1C2C4-5050-48B5-BF1A-7D4ABBDFAEE4}.Debug|Win32.ActiveCfg = Debug|Any CPU
		{BDF1C2C4-5050-48B5-BF1A-7D4ABBDFAEE4}.Debug|x86.ActiveCfg = Debug|Any CPU
		{BDF1C2C4-5050-48B5-BF1A-7D4ABBDFAEE4}.Debug|x86.Build.0 = Debug|Any CPU
		{BDF1C2C4-5050-48B5-BF1A-7D4ABBDFAEE4}.Release|Any CPU.ActiveCfg = Release|Any CPU
		{BDF1C2C4-5050-48B5-BF1A-7D4ABBDFAEE4}.Release|Any CPU.Build.0 = Release|Any CPU
		{BDF1C2C4-5050-48B5-BF1A-7D4ABBDFAEE4}.Release|Mixed Platforms.ActiveCfg = Release|Any CPU
		{BDF1C2C4-5050-48B5-BF1A-7D4ABBDFAEE4}.Release|Mixed Platforms.Build.0 = Release|Any CPU
		{BDF1C2C4-5050-48B5-BF1A-7D4ABBDFAEE4}.Release|Win32.ActiveCfg = Release|Any CPU
		{BDF1C2C4-5050-48B5-BF1A-7D4ABBDFAEE4}.Release|x86.ActiveCfg = Release|x86
		{BDF1C2C4-5050-48B5-BF1A-7D4ABBDFAEE4}.Release|x86.Build.0 = Release|x86
		{446B1E21-65A1-4F56-AA2C-D2E24058B2B8}.Debug|Any CPU.ActiveCfg = Debug|Win32
		{446B1E21-65A1-4F56-AA2C-D2E24058B2B8}.Debug|Mixed Platforms.ActiveCfg = Debug x86|Win32
		{446B1E21-65A1-4F56-AA2C-D2E24058B2B8}.Debug|Mixed Platforms.Build.0 = Debug x86|Win32
		{446B1E21-65A1-4F56-AA2C-D2E24058B2B8}.Debug|Win32.ActiveCfg = Debug|Win32
		{446B1E21-65A1-4F56-AA2C-D2E24058B2B8}.Debug|Win32.Build.0 = Debug|Win32
		{446B1E21-65A1-4F56-AA2C-D2E24058B2B8}.Debug|x86.ActiveCfg = Debug x86|Win32
		{446B1E21-65A1-4F56-AA2C-D2E24058B2B8}.Release|Any CPU.ActiveCfg = Release|Win32
		{446B1E21-65A1-4F56-AA2C-D2E24058B2B8}.Release|Mixed Platforms.ActiveCfg = Release|Win32
		{446B1E21-65A1-4F56-AA2C-D2E24058B2B8}.Release|Mixed Platforms.Build.0 = Release|Win32
		{446B1E21-65A1-4F56-AA2C-D2E24058B2B8}.Release|Win32.ActiveCfg = Release|Win32
		{446B1E21-65A1-4F56-AA2C-D2E24058B2B8}.Release|Win32.Build.0 = Release|Win32
		{446B1E21-65A1-4F56-AA2C-D2E24058B2B8}.Release|x86.ActiveCfg = Release|Win32
	EndGlobalSection
	GlobalSection(SolutionProperties) = preSolution
		HideSolutionNode = FALSE
	EndGlobalSection
EndGlobal
